
Microsoft Visual Studio Solution File, Format Version 12.00
# Visual Studio 15
VisualStudioVersion = 15.0.28307.902
MinimumVisualStudioVersion = 10.0.40219.1
Project("{FAE04EC0-301F-11D3-BF4B-00C04F79EFBC}") = "FootballStatistics", "FootballStatistics\FootballStatistics.csproj", "{F78C770E-1A05-492E-BE1D-354F29D5BE4E}"
EndProject
Global
	GlobalSection(SolutionConfigurationPlatforms) = preSolution
		Debug|Any CPU = Debug|Any CPU
		Release|Any CPU = Release|Any CPU
	EndGlobalSection
	GlobalSection(ProjectConfigurationPlatforms) = postSolution
		{F78C770E-1A05-492E-BE1D-354F29D5BE4E}.Debug|Any CPU.ActiveCfg = Debug|Any CPU
		{F78C770E-1A05-492E-BE1D-354F29D5BE4E}.Debug|Any CPU.Build.0 = Debug|Any CPU
		{F78C770E-1A05-492E-BE1D-354F29D5BE4E}.Release|Any CPU.ActiveCfg = Release|Any CPU
		{F78C770E-1A05-492E-BE1D-354F29D5BE4E}.Release|Any CPU.Build.0 = Release|Any CPU
	EndGlobalSection
	GlobalSection(SolutionProperties) = preSolution
		HideSolutionNode = FALSE
	EndGlobalSection
	GlobalSection(ExtensibilityGlobals) = postSolution
		SolutionGuid = {6A844FD4-4544-4985-88BB-9A9FAD1B062C}
	EndGlobalSection
EndGlobal
